
Microsoft Visual Studio Solution File, Format Version 12.00
# Visual Studio Version 17
VisualStudioVersion = 17.9.34622.214
MinimumVisualStudioVersion = 10.0.40219.1
Project("{FAE04EC0-301F-11D3-BF4B-00C04F79EFBC}") = "BaiTap_GU1-W05_DuAn", "BaiTap_GU1-W05_DuAn\BaiTap_GU1-W05_DuAn.csproj", "{7B85E05C-DFBA-4850-ADFE-5BBBF7122ACF}"
EndProject
Global
	GlobalSection(SolutionConfigurationPlatforms) = preSolution
		Debug|Any CPU = Debug|Any CPU
		Release|Any CPU = Release|Any CPU
	EndGlobalSection
	GlobalSection(ProjectConfigurationPlatforms) = postSolution
		{7B85E05C-DFBA-4850-ADFE-5BBBF7122ACF}.Debug|Any CPU.ActiveCfg = Debug|Any CPU
		{7B85E05C-DFBA-4850-ADFE-5BBBF7122ACF}.Debug|Any CPU.Build.0 = Debug|Any CPU
		{7B85E05C-DFBA-4850-ADFE-5BBBF7122ACF}.Release|Any CPU.ActiveCfg = Release|Any CPU
		{7B85E05C-DFBA-4850-ADFE-5BBBF7122ACF}.Release|Any CPU.Build.0 = Release|Any CPU
	EndGlobalSection
	GlobalSection(SolutionProperties) = preSolution
		HideSolutionNode = FALSE
	EndGlobalSection
	GlobalSection(ExtensibilityGlobals) = postSolution
		SolutionGuid = {4FF6D162-52C0-4427-B363-44F661B2321A}
	EndGlobalSection
EndGlobal
